{
    "_hash": "163b74ba87ff3383a3bf4c7ffab60a0efdcaa90b0e03830c9ecec82e459f42fd",
    "patches": {
        "drupal/core": [
            {
                "package": "drupal/core",
                "description": "[meta] Improve ::generateSampleValue() for common field types",
                "url": "./patches/drupal/core/issue-2960714-string-item-sample-value-min-length.patch",
                "sha256": "c032e6ca1cfd8227e7ebafeebf080ae8e0c85830504b94dbf0d5fa76347323eb",
                "depth": 2,
                "extra": {
                    "issue-tracker-url": "https://www.drupal.org/project/drupal/issues/2960714"
                }
            },
            {
                "package": "drupal/core",
                "description": "PoStreamReader::getSeek",
                "url": "https://www.drupal.org/files/issues/2023-02-20/drupal-po_stream_reader_seek-3126929-45.patch",
                "sha256": "b39da0e1ee6a2eff1deaf5f2a3532d7dd09489ce58e2f1838910d6d6a9397f6f",
                "depth": 2,
                "extra": {
                    "issue-tracker-url": "https://www.drupal.org/project/drupal/issues/3126929"
                }
            }
        ],
        "drupal/drupal-extension": [
            {
                "package": "drupal/drupal-extension",
                "description": "Behat config schema - extendable selectors and text",
                "url": "https://patch-diff.githubusercontent.com/raw/jhedstrom/drupalextension/pull/640.patch",
                "sha256": "0c6759fe79625b3c0893418cacef8a6c0bde5256207efcc928a772aaa974a156",
                "depth": 1,
                "extra": {
                    "issue-tracker-url": "https://github.com/jhedstrom/drupalextension/issues/493"
                }
            }
        ],
        "drupal/entity_legal": [
            {
                "package": "drupal/entity_legal",
                "description": "Automated Drupal 10 compatibility fixes",
                "url": "https://www.drupal.org/files/issues/2022-08-22/entity_legal.3.0.x-dev.rector.patch",
                "sha256": "7ca004f9d5a51e4ac7d98d52f154004fccefb44162c84d9b061d22f3376ae8d7",
                "depth": 1,
                "extra": {
                    "issue-tracker-url": "https://www.drupal.org/project/entity_legal/issues/3287248"
                }
            },
            {
                "package": "drupal/entity_legal",
                "description": "D10 entity_storage->getQuery()->accessCheck()",
                "url": "https://git.drupalcode.org/project/entity_legal/-/merge_requests/11.patch",
                "sha256": "dc5b0e913acce3c77daac2c8f6c7c3f12de1d4010b6eb352827681e92ced081e",
                "depth": 1,
                "extra": {
                    "issue-tracker-url": "https://www.drupal.org/project/entity_legal/issues/3341578"
                }
            }
        ],
        "drupal/mail_safety": [
            {
                "package": "drupal/mail_safety",
                "description": "D10 compatibility",
                "url": "https://git.drupalcode.org/project/mail_safety/-/merge_requests/5.patch",
                "sha256": "d8993c80ddb47477c4161d795b26005d13f4be60f9c4c8cd3a572aa843462ddb",
                "depth": 1,
                "extra": {
                    "issue-tracker-url": "https://www.drupal.org/project/mail_safety/issues/3288410"
                }
            }
        ],
        "drupal/webp": [
            {
                "package": "drupal/webp",
                "description": "Drupal 10 compatibility",
                "url": "https://www.drupal.org/files/issues/2022-08-22/webp.1.x-dev.rector.patch",
                "sha256": "f8fbc6b3c83941eb7ba3a1fd1548ef6e5e7f3f5c328fb15bb68b6dfdd28af3a9",
                "depth": 1,
                "extra": {
                    "issue-tracker-url": "https://www.drupal.org/project/webp/issues/3290669"
                }
            }
        ]
    }
}
